// !$*UTF8*$!
{
	archiveVersion = 1;
	classes = {
	};
	objectVersion = 48;
	objects = {

/* Begin PBXBuildFile section */
		38B463E2205C6E89004B0B92 /* AppDelegate.swift in Sources */ = {isa = PBXBuildFile; fileRef = 38B463E1205C6E89004B0B92 /* AppDelegate.swift */; };
		38B463E4205C6E89004B0B92 /* ViewController.swift in Sources */ = {isa = PBXBuildFile; fileRef = 38B463E3205C6E89004B0B92 /* ViewController.swift */; };
		38B463E7205C6E89004B0B92 /* Main.storyboard in Resources */ = {isa = PBXBuildFile; fileRef = 38B463E5205C6E89004B0B92 /* Main.storyboard */; };
		38B463E9205C6E89004B0B92 /* Assets.xcassets in Resources */ = {isa = PBXBuildFile; fileRef = 38B463E8205C6E89004B0B92 /* Assets.xcassets */; };
		38B463EC205C6E89004B0B92 /* LaunchScreen.storyboard in Resources */ = {isa = PBXBuildFile; fileRef = 38B463EA205C6E89004B0B92 /* LaunchScreen.storyboard */; };
		38B463F7205C6E89004B0B92 /* wordGameTests.swift in Sources */ = {isa = PBXBuildFile; fileRef = 38B463F6205C6E89004B0B92 /* wordGameTests.swift */; };
		38B46402205C6E89004B0B92 /* wordGameUITests.swift in Sources */ = {isa = PBXBuildFile; fileRef = 38B46401205C6E89004B0B92 /* wordGameUITests.swift */; };
/* End PBXBuildFile section */

/* Begin PBXContainerItemProxy section */
		38B463F3205C6E89004B0B92 /* PBXContainerItemProxy */ = {
			isa = PBXContainerItemProxy;
			containerPortal = 38B463D6205C6E89004B0B92 /* Project object */;
			proxyType = 1;
			remoteGlobalIDString = 38B463DD205C6E89004B0B92;
			remoteInfo = wordGame;
		};
		38B463FE205C6E89004B0B92 /* PBXContainerItemProxy */ = {
			isa = PBXContainerItemProxy;
			containerPortal = 38B463D6205C6E89004B0B92 /* Project object */;
			proxyType = 1;
			remoteGlobalIDString = 38B463DD205C6E89004B0B92;
			remoteInfo = wordGame;
		};
/* End PBXContainerItemProxy section */

/* Begin PBXFileReference section */
		38B463DE205C6E89004B0B92 /* wordGame.app */ = {isa = PBXFileReference; explicitFileType = wrapper.application; includeInIndex = 0; path = wordGame.app; sourceTree = BUILT_PRODUCTS_DIR; };
		38B463E1205C6E89004B0B92 /* AppDelegate.swift */ = {isa = PBXFileReference; lastKnownFileType = sourcecode.swift; path = AppDelegate.swift; sourceTree = "<group>"; };
		38B463E3205C6E89004B0B92 /* ViewController.swift */ = {isa = PBXFileReference; lastKnownFileType = sourcecode.swift; path = ViewController.swift; sourceTree = "<group>"; };
		38B463E6205C6E89004B0B92 /* Base */ = {isa = PBXFileReference; lastKnownFileType = file.storyboard; name = Base; path = Base.lproj/Main.storyboard; sourceTree = "<group>"; };
		38B463E8205C6E89004B0B92 /* Assets.xcassets */ = {isa = PBXFileReference; lastKnownFileType = folder.assetcatalog; path = Assets.xcassets; sourceTree = "<group>"; };
		38B463EB205C6E89004B0B92 /* Base */ = {isa = PBXFileReference; lastKnownFileType = file.storyboard; name = Base; path = Base.lproj/LaunchScreen.storyboard; sourceTree = "<group>"; };
		38B463ED205C6E89004B0B92 /* Info.plist */ = {isa = PBXFileReference; lastKnownFileType = text.plist.xml; path = Info.plist; sourceTree = "<group>"; };
		38B463F2205C6E89004B0B92 /* wordGameTests.xctest */ = {isa = PBXFileReference; explicitFileType = wrapper.cfbundle; includeInIndex = 0; path = wordGameTests.xctest; sourceTree = BUILT_PRODUCTS_DIR; };
		38B463F6205C6E89004B0B92 /* wordGameTests.swift */ = {isa = PBXFileReference; lastKnownFileType = sourcecode.swift; path = wordGameTests.swift; sourceTree = "<group>"; };
		38B463F8205C6E89004B0B92 /* Info.plist */ = {isa = PBXFileReference; lastKnownFileType = text.plist.xml; path = Info.plist; sourceTree = "<group>"; };
		38B463FD205C6E89004B0B92 /* wordGameUITests.xctest */ = {isa = PBXFileReference; explicitFileType = wrapper.cfbundle; includeInIndex = 0; path = wordGameUITests.xctest; sourceTree = BUILT_PRODUCTS_DIR; };
		38B46401205C6E89004B0B92 /* wordGameUITests.swift */ = {isa = PBXFileReference; lastKnownFileType = sourcecode.swift; path = wordGameUITests.swift; sourceTree = "<group>"; };
		38B46403205C6E89004B0B92 /* Info.plist */ = {isa = PBXFileReference; lastKnownFileType = text.plist.xml; path = Info.plist; sourceTree = "<group>"; };
/* End PBXFileReference section */

/* Begin PBXFrameworksBuildPhase section */
		38B463DB205C6E89004B0B92 /* Frameworks */ = {
			isa = PBXFrameworksBuildPhase;
			buildActionMask = 2147483647;
			files = (
			);
			runOnlyForDeploymentPostprocessing = 0;
		};
		38B463EF205C6E89004B0B92 /* Frameworks */ = {
			isa = PBXFrameworksBuildPhase;
			buildActionMask = 2147483647;
			files = (
			);
			runOnlyForDeploymentPostprocessing = 0;
		};
		38B463FA205C6E89004B0B92 /* Frameworks */ = {
			isa = PBXFrameworksBuildPhase;
			buildActionMask = 2147483647;
			files = (
			);
			runOnlyForDeploymentPostprocessing = 0;
		};
/* End PBXFrameworksBuildPhase section */

/* Begin PBXGroup section */
		38B463D5205C6E89004B0B92 = {
			isa = PBXGroup;
			children = (
				38B463E0205C6E89004B0B92 /* wordGame */,
				38B463F5205C6E89004B0B92 /* wordGameTests */,
				38B46400205C6E89004B0B92 /* wordGameUITests */,
				38B463DF205C6E89004B0B92 /* Products */,
			);
			sourceTree = "<group>";
		};
		38B463DF205C6E89004B0B92 /* Products */ = {
			isa = PBXGroup;
			children = (
				38B463DE205C6E89004B0B92 /* wordGame.app */,
				38B463F2205C6E89004B0B92 /* wordGameTests.xctest */,
				38B463FD205C6E89004B0B92 /* wordGameUITests.xctest */,
			);
			name = Products;
			sourceTree = "<group>";
		};
		38B463E0205C6E89004B0B92 /* wordGame */ = {
			isa = PBXGroup;
			children = (
				38B463E1205C6E89004B0B92 /* AppDelegate.swift */,
				38B463E3205C6E89004B0B92 /* ViewController.swift */,
				38B463E5205C6E89004B0B92 /* Main.storyboard */,
				38B463E8205C6E89004B0B92 /* Assets.xcassets */,
				38B463EA205C6E89004B0B92 /* LaunchScreen.storyboard */,
				38B463ED205C6E89004B0B92 /* Info.plist */,
			);
			path = wordGame;
			sourceTree = "<group>";
		};
		38B463F5205C6E89004B0B92 /* wordGameTests */ = {
			isa = PBXGroup;
			children = (
				38B463F6205C6E89004B0B92 /* wordGameTests.swift */,
				38B463F8205C6E89004B0B92 /* Info.plist */,
			);
			path = wordGameTests;
			sourceTree = "<group>";
		};
		38B46400205C6E89004B0B92 /* wordGameUITests */ = {
			isa = PBXGroup;
			children = (
				38B46401205C6E89004B0B92 /* wordGameUITests.swift */,
				38B46403205C6E89004B0B92 /* Info.plist */,
			);
			path = wordGameUITests;
			sourceTree = "<group>";
		};
/* End PBXGroup section */

/* Begin PBXNativeTarget section */
		38B463DD205C6E89004B0B92 /* wordGame */ = {
			isa = PBXNativeTarget;
			buildConfigurationList = 38B46406205C6E89004B0B92 /* Build configuration list for PBXNativeTarget "wordGame" */;
			buildPhases = (
				38B463DA205C6E89004B0B92 /* Sources */,
				38B463DB205C6E89004B0B92 /* Frameworks */,
				38B463DC205C6E89004B0B92 /* Resources */,
			);
			buildRules = (
			);
			dependencies = (
			);
			name = wordGame;
			productName = wordGame;
			productReference = 38B463DE205C6E89004B0B92 /* wordGame.app */;
			productType = "com.apple.product-type.application";
		};
		38B463F1205C6E89004B0B92 /* wordGameTests */ = {
			isa = PBXNativeTarget;
			buildConfigurationList = 38B46409205C6E89004B0B92 /* Build configuration list for PBXNativeTarget "wordGameTests" */;
			buildPhases = (
				38B463EE205C6E89004B0B92 /* Sources */,
				38B463EF205C6E89004B0B92 /* Frameworks */,
				38B463F0205C6E89004B0B92 /* Resources */,
			);
			buildRules = (
			);
			dependencies = (
				38B463F4205C6E89004B0B92 /* PBXTargetDependency */,
			);
			name = wordGameTests;
			productName = wordGameTests;
			productReference = 38B463F2205C6E89004B0B92 /* wordGameTests.xctest */;
			productType = "com.apple.product-type.bundle.unit-test";
		};
		38B463FC205C6E89004B0B92 /* wordGameUITests */ = {
			isa = PBXNativeTarget;
			buildConfigurationList = 38B4640C205C6E89004B0B92 /* Build configuration list for PBXNativeTarget "wordGameUITests" */;
			buildPhases = (
				38B463F9205C6E89004B0B92 /* Sources */,
				38B463FA205C6E89004B0B92 /* Frameworks */,
				38B463FB205C6E89004B0B92 /* Resources */,
			);
			buildRules = (
			);
			dependencies = (
				38B463FF205C6E89004B0B92 /* PBXTargetDependency */,
			);
			name = wordGameUITests;
			productName = wordGameUITests;
			productReference = 38B463FD205C6E89004B0B92 /* wordGameUITests.xctest */;
			productType = "com.apple.product-type.bundle.ui-testing";
		};
/* End PBXNativeTarget section */

/* Begin PBXProject section */
		38B463D6205C6E89004B0B92 /* Project object */ = {
			isa = PBXProject;
			attributes = {
				LastSwiftUpdateCheck = 0920;
				LastUpgradeCheck = 0920;
				ORGANIZATIONNAME = "Caelan Dailey";
				TargetAttributes = {
					38B463DD205C6E89004B0B92 = {
						CreatedOnToolsVersion = 9.2;
						ProvisioningStyle = Automatic;
					};
					38B463F1205C6E89004B0B92 = {
						CreatedOnToolsVersion = 9.2;
						ProvisioningStyle = Automatic;
						TestTargetID = 38B463DD205C6E89004B0B92;
					};
					38B463FC205C6E89004B0B92 = {
						CreatedOnToolsVersion = 9.2;
						ProvisioningStyle = Automatic;
						TestTargetID = 38B463DD205C6E89004B0B92;
					};
				};
			};
			buildConfigurationList = 38B463D9205C6E89004B0B92 /* Build configuration list for PBXProject "wordGame" */;
			compatibilityVersion = "Xcode 8.0";
			developmentRegion = en;
			hasScannedForEncodings = 0;
			knownRegions = (
				en,
				Base,
			);
			mainGroup = 38B463D5205C6E89004B0B92;
			productRefGroup = 38B463DF205C6E89004B0B92 /* Products */;
			projectDirPath = "";
			projectRoot = "";
			targets = (
				38B463DD205C6E89004B0B92 /* wordGame */,
				38B463F1205C6E89004B0B92 /* wordGameTests */,
				38B463FC205C6E89004B0B92 /* wordGameUITests */,
			);
		};
/* End PBXProject section */

/* Begin PBXResourcesBuildPhase section */
		38B463DC205C6E89004B0B92 /* Resources */ = {
			isa = PBXResourcesBuildPhase;
			buildActionMask = 2147483647;
			files = (
				38B463EC205C6E89004B0B92 /* LaunchScreen.storyboard in Resources */,
				38B463E9205C6E89004B0B92 /* Assets.xcassets in Resources */,
				38B463E7205C6E89004B0B92 /* Main.storyboard in Resources */,
			);
			runOnlyForDeploymentPostprocessing = 0;
		};
		38B463F0205C6E89004B0B92 /* Resources */ = {
			isa = PBXResourcesBuildPhase;
			buildActionMask = 2147483647;
			files = (
			);
			runOnlyForDeploymentPostprocessing = 0;
		};
		38B463FB205C6E89004B0B92 /* Resources */ = {
			isa = PBXResourcesBuildPhase;
			buildActionMask = 2147483647;
			files = (
			);
			runOnlyForDeploymentPostprocessing = 0;
		};
/* End PBXResourcesBuildPhase section */

/* Begin PBXSourcesBuildPhase section */
		38B463DA205C6E89004B0B92 /* Sources */ = {
			isa = PBXSourcesBuildPhase;
			buildActionMask = 2147483647;
			files = (
				38B463E4205C6E89004B0B92 /* ViewController.swift in Sources */,
				38B463E2205C6E89004B0B92 /* AppDelegate.swift in Sources */,
			);
			runOnlyForDeploymentPostprocessing = 0;
		};
		38B463EE205C6E89004B0B92 /* Sources */ = {
			isa = PBXSourcesBuildPhase;
			buildActionMask = 2147483647;
			files = (
				38B463F7205C6E89004B0B92 /* wordGameTests.swift in Sources */,
			);
			runOnlyForDeploymentPostprocessing = 0;
		};
		38B463F9205C6E89004B0B92 /* Sources */ = {
			isa = PBXSourcesBuildPhase;
			buildActionMask = 2147483647;
			files = (
				38B46402205C6E89004B0B92 /* wordGameUITests.swift in Sources */,
			);
			runOnlyForDeploymentPostprocessing = 0;
		};
/* End PBXSourcesBuildPhase section */

/* Begin PBXTargetDependency section */
		38B463F4205C6E89004B0B92 /* PBXTargetDependency */ = {
			isa = PBXTargetDependency;
			target = 38B463DD205C6E89004B0B92 /* wordGame */;
			targetProxy = 38B463F3205C6E89004B0B92 /* PBXContainerItemProxy */;
		};
		38B463FF205C6E89004B0B92 /* PBXTargetDependency */ = {
			isa = PBXTargetDependency;
			target = 38B463DD205C6E89004B0B92 /* wordGame */;
			targetProxy = 38B463FE205C6E89004B0B92 /* PBXContainerItemProxy */;
		};
/* End PBXTargetDependency section */

/* Begin PBXVariantGroup section */
		38B463E5205C6E89004B0B92 /* Main.storyboard */ = {
			isa = PBXVariantGroup;
			children = (
				38B463E6205C6E89004B0B92 /* Base */,
			);
			name = Main.storyboard;
			sourceTree = "<group>";
		};
		38B463EA205C6E89004B0B92 /* LaunchScreen.storyboard */ = {
			isa = PBXVariantGroup;
			children = (
				38B463EB205C6E89004B0B92 /* Base */,
			);
			name = LaunchScreen.storyboard;
			sourceTree = "<group>";
		};
/* End PBXVariantGroup section */

/* Begin XCBuildConfiguration section */
		38B46404205C6E89004B0B92 /* Debug */ = {
			isa = XCBuildConfiguration;
			buildSettings = {
				ALWAYS_SEARCH_USER_PATHS = NO;
				CLANG_ANALYZER_NONNULL = YES;
				CLANG_ANALYZER_NUMBER_OBJECT_CONVERSION = YES_AGGRESSIVE;
				CLANG_CXX_LANGUAGE_STANDARD = "gnu++14";
				CLANG_CXX_LIBRARY = "libc++";
				CLANG_ENABLE_MODULES = YES;
				CLANG_ENABLE_OBJC_ARC = YES;
				CLANG_WARN_BLOCK_CAPTURE_AUTORELEASING = YES;
				CLANG_WARN_BOOL_CONVERSION = YES;
				CLANG_WARN_COMMA = YES;
				CLANG_WARN_CONSTANT_CONVERSION = YES;
				CLANG_WARN_DIRECT_OBJC_ISA_USAGE = YES_ERROR;
				CLANG_WARN_DOCUMENTATION_COMMENTS = YES;
				CLANG_WARN_EMPTY_BODY = YES;
				CLANG_WARN_ENUM_CONVERSION = YES;
				CLANG_WARN_INFINITE_RECURSION = YES;
				CLANG_WARN_INT_CONVERSION = YES;
				CLANG_WARN_NON_LITERAL_NULL_CONVERSION = YES;
				CLANG_WARN_OBJC_LITERAL_CONVERSION = YES;
				CLANG_WARN_OBJC_ROOT_CLASS = YES_ERROR;
				CLANG_WARN_RANGE_LOOP_ANALYSIS = YES;
				CLANG_WARN_STRICT_PROTOTYPES = YES;
				CLANG_WARN_SUSPICIOUS_MOVE = YES;
				CLANG_WARN_UNGUARDED_AVAILABILITY = YES_AGGRESSIVE;
				CLANG_WARN_UNREACHABLE_CODE = YES;
				CLANG_WARN__DUPLICATE_METHOD_MATCH = YES;
				CODE_SIGN_IDENTITY = "iPhone Developer";
				COPY_PHASE_STRIP = NO;
				DEBUG_INFORMATION_FORMAT = dwarf;
				ENABLE_STRICT_OBJC_MSGSEND = YES;
				ENABLE_TESTABILITY = YES;
				GCC_C_LANGUAGE_STANDARD = gnu11;
				GCC_DYNAMIC_NO_PIC = NO;
				GCC_NO_COMMON_BLOCKS = YES;
				GCC_OPTIMIZATION_LEVEL = 0;
				GCC_PREPROCESSOR_DEFINITIONS = (
					"DEBUG=1",
					"$(inherited)",
				);
				GCC_WARN_64_TO_32_BIT_CONVERSION = YES;
				GCC_WARN_ABOUT_RETURN_TYPE = YES_ERROR;
				GCC_WARN_UNDECLARED_SELECTOR = YES;
				GCC_WARN_UNINITIALIZED_AUTOS = YES_AGGRESSIVE;
				GCC_WARN_UNUSED_FUNCTION = YES;
				GCC_WARN_UNUSED_VARIABLE = YES;
				IPHONEOS_DEPLOYMENT_TARGET = 11.2;
				MTL_ENABLE_DEBUG_INFO = YES;
				ONLY_ACTIVE_ARCH = YES;
				SDKROOT = iphoneos;
				SWIFT_ACTIVE_COMPILATION_CONDITIONS = DEBUG;
				SWIFT_OPTIMIZATION_LEVEL = "-Onone";
			};
			name = Debug;
		};
		38B46405205C6E89004B0B92 /* Release */ = {
			isa = XCBuildConfiguration;
			buildSettings = {
				ALWAYS_SEARCH_USER_PATHS = NO;
				CLANG_ANALYZER_NONNULL = YES;
				CLANG_ANALYZER_NUMBER_OBJECT_CONVERSION = YES_AGGRESSIVE;
				CLANG_CXX_LANGUAGE_STANDARD = "gnu++14";
				CLANG_CXX_LIBRARY = "libc++";
				CLANG_ENABLE_MODULES = YES;
				CLANG_ENABLE_OBJC_ARC = YES;
				CLANG_WARN_BLOCK_CAPTURE_AUTORELEASING = YES;
				CLANG_WARN_BOOL_CONVERSION = YES;
				CLANG_WARN_COMMA = YES;
				CLANG_WARN_CONSTANT_CONVERSION = YES;
				CLANG_WARN_DIRECT_OBJC_ISA_USAGE = YES_ERROR;
				CLANG_WARN_DOCUMENTATION_COMMENTS = YES;
				CLANG_WARN_EMPTY_BODY = YES;
				CLANG_WARN_ENUM_CONVERSION = YES;
				CLANG_WARN_INFINITE_RECURSION = YES;
				CLANG_WARN_INT_CONVERSION = YES;
				CLANG_WARN_NON_LITERAL_NULL_CONVERSION = YES;
				CLANG_WARN_OBJC_LITERAL_CONVERSION = YES;
				CLANG_WARN_OBJC_ROOT_CLASS = YES_ERROR;
				CLANG_WARN_RANGE_LOOP_ANALYSIS = YES;
				CLANG_WARN_STRICT_PROTOTYPES = YES;
				CLANG_WARN_SUSPICIOUS_MOVE = YES;
				CLANG_WARN_UNGUARDED_AVAILABILITY = YES_AGGRESSIVE;
				CLANG_WARN_UNREACHABLE_CODE = YES;
				CLANG_WARN__DUPLICATE_METHOD_MATCH = YES;
				CODE_SIGN_IDENTITY = "iPhone Developer";
				COPY_PHASE_STRIP = NO;
				DEBUG_INFORMATION_FORMAT = "dwarf-with-dsym";
				ENABLE_NS_ASSERTIONS = NO;
				ENABLE_STRICT_OBJC_MSGSEND = YES;
				GCC_C_LANGUAGE_STANDARD = gnu11;
				GCC_NO_COMMON_BLOCKS = YES;
				GCC_WARN_64_TO_32_BIT_CONVERSION = YES;
				GCC_WARN_ABOUT_RETURN_TYPE = YES_ERROR;
				GCC_WARN_UNDECLARED_SELECTOR = YES;
				GCC_WARN_UNINITIALIZED_AUTOS = YES_AGGRESSIVE;
				GCC_WARN_UNUSED_FUNCTION = YES;
				GCC_WARN_UNUSED_VARIABLE = YES;
				IPHONEOS_DEPLOYMENT_TARGET = 11.2;
				MTL_ENABLE_DEBUG_INFO = NO;
				SDKROOT = iphoneos;
				SWIFT_OPTIMIZATION_LEVEL = "-Owholemodule";
				VALIDATE_PRODUCT = YES;
			};
			name = Release;
		};
		38B46407205C6E89004B0B92 /* Debug */ = {
			isa = XCBuildConfiguration;
			buildSettings = {
				ASSETCATALOG_COMPILER_APPICON_NAME = AppIcon;
				CODE_SIGN_STYLE = Automatic;
				DEVELOPMENT_TEAM = N3VBXEQWW6;
				INFOPLIST_FILE = wordGame/Info.plist;
				LD_RUNPATH_SEARCH_PATHS = "$(inherited) @executable_path/Frameworks";
				PRODUCT_BUNDLE_IDENTIFIER = csd.wordGame;
				PRODUCT_NAME = "$(TARGET_NAME)";
				SWIFT_VERSION = 4.0;
				TARGETED_DEVICE_FAMILY = "1,2";
			};
			name = Debug;
		};
		38B46408205C6E89004B0B92 /* Release */ = {
			isa = XCBuildConfiguration;
			buildSettings = {
				ASSETCATALOG_COMPILER_APPICON_NAME = AppIcon;
				CODE_SIGN_STYLE = Automatic;
				DEVELOPMENT_TEAM = N3VBXEQWW6;
				INFOPLIST_FILE = wordGame/Info.plist;
				LD_RUNPATH_SEARCH_PATHS = "$(inherited) @executable_path/Frameworks";
				PRODUCT_BUNDLE_IDENTIFIER = csd.wordGame;
				PRODUCT_NAME = "$(TARGET_NAME)";
				SWIFT_VERSION = 4.0;
				TARGETED_DEVICE_FAMILY = "1,2";
			};
			name = Release;
		};
		38B4640A205C6E89004B0B92 /* Debug */ = {
			isa = XCBuildConfiguration;
			buildSettings = {
				ALWAYS_EMBED_SWIFT_STANDARD_LIBRARIES = YES;
				BUNDLE_LOADER = "$(TEST_HOST)";
				CODE_SIGN_STYLE = Automatic;
				DEVELOPMENT_TEAM = N3VBXEQWW6;
				INFOPLIST_FILE = wordGameTests/Info.plist;
				LD_RUNPATH_SEARCH_PATHS = "$(inherited) @executable_path/Frameworks @loader_path/Frameworks";
				PRODUCT_BUNDLE_IDENTIFIER = csd.wordGameTests;
				PRODUCT_NAME = "$(TARGET_NAME)";
				SWIFT_VERSION = 4.0;
				TARGETED_DEVICE_FAMILY = "1,2";
				TEST_HOST = "$(BUILT_PRODUCTS_DIR)/wordGame.app/wordGame";
			};
			name = Debug;
		};
		38B4640B205C6E89004B0B92 /* Release */ = {
			isa = XCBuildConfiguration;
			buildSettings = {
				ALWAYS_EMBED_SWIFT_STANDARD_LIBRARIES = YES;
				BUNDLE_LOADER = "$(TEST_HOST)";
				CODE_SIGN_STYLE = Automatic;
				DEVELOPMENT_TEAM = N3VBXEQWW6;
				INFOPLIST_FILE = wordGameTests/Info.plist;
				LD_RUNPATH_SEARCH_PATHS = "$(inherited) @executable_path/Frameworks @loader_path/Frameworks";
				PRODUCT_BUNDLE_IDENTIFIER = csd.wordGameTests;
				PRODUCT_NAME = "$(TARGET_NAME)";
				SWIFT_VERSION = 4.0;
				TARGETED_DEVICE_FAMILY = "1,2";
				TEST_HOST = "$(BUILT_PRODUCTS_DIR)/wordGame.app/wordGame";
			};
			name = Release;
		};
		38B4640D205C6E89004B0B92 /* Debug */ = {
			isa = XCBuildConfiguration;
			buildSettings = {
				ALWAYS_EMBED_SWIFT_STANDARD_LIBRARIES = YES;
				CODE_SIGN_STYLE = Automatic;
				DEVELOPMENT_TEAM = N3VBXEQWW6;
				INFOPLIST_FILE = wordGameUITests/Info.plist;
				LD_RUNPATH_SEARCH_PATHS = "$(inherited) @executable_path/Frameworks @loader_path/Frameworks";
				PRODUCT_BUNDLE_IDENTIFIER = csd.wordGameUITests;
				PRODUCT_NAME = "$(TARGET_NAME)";
				SWIFT_VERSION = 4.0;
				TARGETED_DEVICE_FAMILY = "1,2";
				TEST_TARGET_NAME = wordGame;
			};
			name = Debug;
		};
		38B4640E205C6E89004B0B92 /* Release */ = {
			isa = XCBuildConfiguration;
			buildSettings = {
				ALWAYS_EMBED_SWIFT_STANDARD_LIBRARIES = YES;
				CODE_SIGN_STYLE = Automatic;
				DEVELOPMENT_TEAM = N3VBXEQWW6;
				INFOPLIST_FILE = wordGameUITests/Info.plist;
				LD_RUNPATH_SEARCH_PATHS = "$(inherited) @executable_path/Frameworks @loader_path/Frameworks";
				PRODUCT_BUNDLE_IDENTIFIER = csd.wordGameUITests;
				PRODUCT_NAME = "$(TARGET_NAME)";
				SWIFT_VERSION = 4.0;
				TARGETED_DEVICE_FAMILY = "1,2";
				TEST_TARGET_NAME = wordGame;
			};
			name = Release;
		};
/* End XCBuildConfiguration section */

/* Begin XCConfigurationList section */
		38B463D9205C6E89004B0B92 /* Build configuration list for PBXProject "wordGame" */ = {
			isa = XCConfigurationList;
			buildConfigurations = (
				38B46404205C6E89004B0B92 /* Debug */,
				38B46405205C6E89004B0B92 /* Release */,
			);
			defaultConfigurationIsVisible = 0;
			defaultConfigurationName = Release;
		};
		38B46406205C6E89004B0B92 /* Build configuration list for PBXNativeTarget "wordGame" */ = {
			isa = XCConfigurationList;
			buildConfigurations = (
				38B46407205C6E89004B0B92 /* Debug */,
				38B46408205C6E89004B0B92 /* Release */,
			);
			defaultConfigurationIsVisible = 0;
			defaultConfigurationName = Release;
		};
		38B46409205C6E89004B0B92 /* Build configuration list for PBXNativeTarget "wordGameTests" */ = {
			isa = XCConfigurationList;
			buildConfigurations = (
				38B4640A205C6E89004B0B92 /* Debug */,
				38B4640B205C6E89004B0B92 /* Release */,
			);
			defaultConfigurationIsVisible = 0;
			defaultConfigurationName = Release;
		};
		38B4640C205C6E89004B0B92 /* Build configuration list for PBXNativeTarget "wordGameUITests" */ = {
			isa = XCConfigurationList;
			buildConfigurations = (
				38B4640D205C6E89004B0B92 /* Debug */,
				38B4640E205C6E89004B0B92 /* Release */,
			);
			defaultConfigurationIsVisible = 0;
			defaultConfigurationName = Release;
		};
/* End XCConfigurationList section */
	};
	rootObject = 38B463D6205C6E89004B0B92 /* Project object */;
}
